
Microsoft Visual Studio Solution File, Format Version 12.00
# Visual Studio Version 17
VisualStudioVersion = 17.2.32516.85
MinimumVisualStudioVersion = 10.0.40219.1
Project("{9A19103F-16F7-4668-BE54-9A1E7A4F7556}") = "AutomatedPassengerBoardingKiosk.API", "AutomatedPassengerBoardingKiosk.API\AutomatedPassengerBoardingKiosk.API.csproj", "{019FD4F5-6EF6-42A8-A013-EF06B0C81A2E}"
EndProject
Global
	GlobalSection(SolutionConfigurationPlatforms) = preSolution
		Debug|Any CPU = Debug|Any CPU
		Release|Any CPU = Release|Any CPU
	EndGlobalSection
	GlobalSection(ProjectConfigurationPlatforms) = postSolution
		{019FD4F5-6EF6-42A8-A013-EF06B0C81A2E}.Debug|Any CPU.ActiveCfg = Debug|Any CPU
		{019FD4F5-6EF6-42A8-A013-EF06B0C81A2E}.Debug|Any CPU.Build.0 = Debug|Any CPU
		{019FD4F5-6EF6-42A8-A013-EF06B0C81A2E}.Release|Any CPU.ActiveCfg = Release|Any CPU
		{019FD4F5-6EF6-42A8-A013-EF06B0C81A2E}.Release|Any CPU.Build.0 = Release|Any CPU
	EndGlobalSection
	GlobalSection(SolutionProperties) = preSolution
		HideSolutionNode = FALSE
	EndGlobalSection
	GlobalSection(ExtensibilityGlobals) = postSolution
		SolutionGuid = {05BE6383-1367-4A29-B2A2-4689136F5778}
	EndGlobalSection
EndGlobal
